
Microsoft Visual Studio Solution File, Format Version 12.00
# Visual Studio Version 16
VisualStudioVersion = 16.0.30011.22
MinimumVisualStudioVersion = 10.0.40219.1
Project("{9A19103F-16F7-4668-BE54-9A1E7A4F7556}") = "Barter.Web", "Barter.Web\Barter.Web.csproj", "{94E0C0D6-95FA-4F95-A60A-9C1EC285FB75}"
EndProject
Project("{9A19103F-16F7-4668-BE54-9A1E7A4F7556}") = "Barter.Models", "Barter.Models\Barter.Models.csproj", "{7EBD4E6A-4D00-41E5-A6D2-D3EFBBC78D2A}"
EndProject
Project("{9A19103F-16F7-4668-BE54-9A1E7A4F7556}") = "Barter.Store", "Barter.Store\Barter.Store.csproj", "{8A8D12B5-4FEB-43FB-A386-E87E1FA7613F}"
EndProject
Project("{FAE04EC0-301F-11D3-BF4B-00C04F79EFBC}") = "Barter.Api", "Barter.Api\Barter.Api.csproj", "{F2033F0B-4755-4C47-86B9-0C05057C7894}"
EndProject
Global
	GlobalSection(SolutionConfigurationPlatforms) = preSolution
		Debug|Any CPU = Debug|Any CPU
		Release|Any CPU = Release|Any CPU
	EndGlobalSection
	GlobalSection(ProjectConfigurationPlatforms) = postSolution
		{94E0C0D6-95FA-4F95-A60A-9C1EC285FB75}.Debug|Any CPU.ActiveCfg = Debug|Any CPU
		{94E0C0D6-95FA-4F95-A60A-9C1EC285FB75}.Debug|Any CPU.Build.0 = Debug|Any CPU
		{94E0C0D6-95FA-4F95-A60A-9C1EC285FB75}.Release|Any CPU.ActiveCfg = Release|Any CPU
		{94E0C0D6-95FA-4F95-A60A-9C1EC285FB75}.Release|Any CPU.Build.0 = Release|Any CPU
		{7EBD4E6A-4D00-41E5-A6D2-D3EFBBC78D2A}.Debug|Any CPU.ActiveCfg = Debug|Any CPU
		{7EBD4E6A-4D00-41E5-A6D2-D3EFBBC78D2A}.Debug|Any CPU.Build.0 = Debug|Any CPU
		{7EBD4E6A-4D00-41E5-A6D2-D3EFBBC78D2A}.Release|Any CPU.ActiveCfg = Release|Any CPU
		{7EBD4E6A-4D00-41E5-A6D2-D3EFBBC78D2A}.Release|Any CPU.Build.0 = Release|Any CPU
		{8A8D12B5-4FEB-43FB-A386-E87E1FA7613F}.Debug|Any CPU.ActiveCfg = Debug|Any CPU
		{8A8D12B5-4FEB-43FB-A386-E87E1FA7613F}.Debug|Any CPU.Build.0 = Debug|Any CPU
		{8A8D12B5-4FEB-43FB-A386-E87E1FA7613F}.Release|Any CPU.ActiveCfg = Release|Any CPU
		{8A8D12B5-4FEB-43FB-A386-E87E1FA7613F}.Release|Any CPU.Build.0 = Release|Any CPU
		{F2033F0B-4755-4C47-86B9-0C05057C7894}.Debug|Any CPU.ActiveCfg = Debug|Any CPU
		{F2033F0B-4755-4C47-86B9-0C05057C7894}.Debug|Any CPU.Build.0 = Debug|Any CPU
		{F2033F0B-4755-4C47-86B9-0C05057C7894}.Release|Any CPU.ActiveCfg = Release|Any CPU
		{F2033F0B-4755-4C47-86B9-0C05057C7894}.Release|Any CPU.Build.0 = Release|Any CPU
	EndGlobalSection
	GlobalSection(SolutionProperties) = preSolution
		HideSolutionNode = FALSE
	EndGlobalSection
	GlobalSection(ExtensibilityGlobals) = postSolution
		SolutionGuid = {3F4A044C-9EA1-4156-B267-B65F55C1CDB0}
	EndGlobalSection
EndGlobal
